// !$*UTF8*$!
{
	archiveVersion = 1;
	classes = {
	};
	objectVersion = 50;
	objects = {

/* Begin PBXBuildFile section */
		544B790A20FF23C200EEFE35 /* AppDelegate.m in Sources */ = {isa = PBXBuildFile; fileRef = 544B790920FF23C200EEFE35 /* AppDelegate.m */; };
		544B790D20FF23C200EEFE35 /* ViewController.m in Sources */ = {isa = PBXBuildFile; fileRef = 544B790C20FF23C200EEFE35 /* ViewController.m */; };
		544B791020FF23C200EEFE35 /* Main.storyboard in Resources */ = {isa = PBXBuildFile; fileRef = 544B790E20FF23C200EEFE35 /* Main.storyboard */; };
		544B791220FF23C300EEFE35 /* Assets.xcassets in Resources */ = {isa = PBXBuildFile; fileRef = 544B791120FF23C300EEFE35 /* Assets.xcassets */; };
		544B791520FF23C300EEFE35 /* LaunchScreen.storyboard in Resources */ = {isa = PBXBuildFile; fileRef = 544B791320FF23C300EEFE35 /* LaunchScreen.storyboard */; };
		544B791820FF23C300EEFE35 /* main.m in Sources */ = {isa = PBXBuildFile; fileRef = 544B791720FF23C300EEFE35 /* main.m */; };
		544B792120FF426600EEFE35 /* QRCodeImageGenerator.m in Sources */ = {isa = PBXBuildFile; fileRef = 544B792020FF426600EEFE35 /* QRCodeImageGenerator.m */; };
		54ABF7312100273A00D4EB0C /* QRCodeGeneratorViewController.m in Sources */ = {isa = PBXBuildFile; fileRef = 54ABF7302100273A00D4EB0C /* QRCodeGeneratorViewController.m */; };
		54ABF73521003BF800D4EB0C /* QRCodoAlbumViewController.m in Sources */ = {isa = PBXBuildFile; fileRef = 54ABF73421003BF800D4EB0C /* QRCodoAlbumViewController.m */; };
		54ABF7382100406900D4EB0C /* QRCodeImageConvertToText.m in Sources */ = {isa = PBXBuildFile; fileRef = 54ABF7372100406900D4EB0C /* QRCodeImageConvertToText.m */; };
/* End PBXBuildFile section */

/* Begin PBXFileReference section */
		544B790520FF23C200EEFE35 /* QRCodeDemo.app */ = {isa = PBXFileReference; explicitFileType = wrapper.application; includeInIndex = 0; path = QRCodeDemo.app; sourceTree = BUILT_PRODUCTS_DIR; };
		544B790820FF23C200EEFE35 /* AppDelegate.h */ = {isa = PBXFileReference; lastKnownFileType = sourcecode.c.h; path = AppDelegate.h; sourceTree = "<group>"; };
		544B790920FF23C200EEFE35 /* AppDelegate.m */ = {isa = PBXFileReference; lastKnownFileType = sourcecode.c.objc; path = AppDelegate.m; sourceTree = "<group>"; };
		544B790B20FF23C200EEFE35 /* ViewController.h */ = {isa = PBXFileReference; lastKnownFileType = sourcecode.c.h; path = ViewController.h; sourceTree = "<group>"; };
		544B790C20FF23C200EEFE35 /* ViewController.m */ = {isa = PBXFileReference; lastKnownFileType = sourcecode.c.objc; path = ViewController.m; sourceTree = "<group>"; };
		544B790F20FF23C200EEFE35 /* Base */ = {isa = PBXFileReference; lastKnownFileType = file.storyboard; name = Base; path = Base.lproj/Main.storyboard; sourceTree = "<group>"; };
		544B791120FF23C300EEFE35 /* Assets.xcassets */ = {isa = PBXFileReference; lastKnownFileType = folder.assetcatalog; path = Assets.xcassets; sourceTree = "<group>"; };
		544B791420FF23C300EEFE35 /* Base */ = {isa = PBXFileReference; lastKnownFileType = file.storyboard; name = Base; path = Base.lproj/LaunchScreen.storyboard; sourceTree = "<group>"; };
		544B791620FF23C300EEFE35 /* Info.plist */ = {isa = PBXFileReference; lastKnownFileType = text.plist.xml; path = Info.plist; sourceTree = "<group>"; };
		544B791720FF23C300EEFE35 /* main.m */ = {isa = PBXFileReference; lastKnownFileType = sourcecode.c.objc; path = main.m; sourceTree = "<group>"; };
		544B791F20FF426600EEFE35 /* QRCodeImageGenerator.h */ = {isa = PBXFileReference; lastKnownFileType = sourcecode.c.h; path = QRCodeImageGenerator.h; sourceTree = "<group>"; };
		544B792020FF426600EEFE35 /* QRCodeImageGenerator.m */ = {isa = PBXFileReference; lastKnownFileType = sourcecode.c.objc; path = QRCodeImageGenerator.m; sourceTree = "<group>"; };
		54ABF72F2100273A00D4EB0C /* QRCodeGeneratorViewController.h */ = {isa = PBXFileReference; lastKnownFileType = sourcecode.c.h; path = QRCodeGeneratorViewController.h; sourceTree = "<group>"; };
		54ABF7302100273A00D4EB0C /* QRCodeGeneratorViewController.m */ = {isa = PBXFileReference; lastKnownFileType = sourcecode.c.objc; path = QRCodeGeneratorViewController.m; sourceTree = "<group>"; };
		54ABF73221002F3D00D4EB0C /* QRCodeShortcutFuntion.h */ = {isa = PBXFileReference; lastKnownFileType = sourcecode.c.h; path = QRCodeShortcutFuntion.h; sourceTree = "<group>"; };
		54ABF73321003BF800D4EB0C /* QRCodoAlbumViewController.h */ = {isa = PBXFileReference; lastKnownFileType = sourcecode.c.h; path = QRCodoAlbumViewController.h; sourceTree = "<group>"; };
		54ABF73421003BF800D4EB0C /* QRCodoAlbumViewController.m */ = {isa = PBXFileReference; lastKnownFileType = sourcecode.c.objc; path = QRCodoAlbumViewController.m; sourceTree = "<group>"; };
		54ABF7362100406900D4EB0C /* QRCodeImageConvertToText.h */ = {isa = PBXFileReference; lastKnownFileType = sourcecode.c.h; path = QRCodeImageConvertToText.h; sourceTree = "<group>"; };
		54ABF7372100406900D4EB0C /* QRCodeImageConvertToText.m */ = {isa = PBXFileReference; lastKnownFileType = sourcecode.c.objc; path = QRCodeImageConvertToText.m; sourceTree = "<group>"; };
/* End PBXFileReference section */

/* Begin PBXFrameworksBuildPhase section */
		544B790220FF23C200EEFE35 /* Frameworks */ = {
			isa = PBXFrameworksBuildPhase;
			buildActionMask = 2147483647;
			files = (
			);
			runOnlyForDeploymentPostprocessing = 0;
		};
/* End PBXFrameworksBuildPhase section */

/* Begin PBXGroup section */
		544B78FC20FF23C200EEFE35 = {
			isa = PBXGroup;
			children = (
				544B790720FF23C200EEFE35 /* QRCodeDemo */,
				544B790620FF23C200EEFE35 /* Products */,
			);
			sourceTree = "<group>";
		};
		544B790620FF23C200EEFE35 /* Products */ = {
			isa = PBXGroup;
			children = (
				544B790520FF23C200EEFE35 /* QRCodeDemo.app */,
			);
			name = Products;
			sourceTree = "<group>";
		};
		544B790720FF23C200EEFE35 /* QRCodeDemo */ = {
			isa = PBXGroup;
			children = (
				544B791E20FF409300EEFE35 /* QRCode */,
				544B790820FF23C200EEFE35 /* AppDelegate.h */,
				544B790920FF23C200EEFE35 /* AppDelegate.m */,
				544B790B20FF23C200EEFE35 /* ViewController.h */,
				544B790C20FF23C200EEFE35 /* ViewController.m */,
				54ABF72F2100273A00D4EB0C /* QRCodeGeneratorViewController.h */,
				54ABF7302100273A00D4EB0C /* QRCodeGeneratorViewController.m */,
				54ABF73321003BF800D4EB0C /* QRCodoAlbumViewController.h */,
				54ABF73421003BF800D4EB0C /* QRCodoAlbumViewController.m */,
				54ABF73221002F3D00D4EB0C /* QRCodeShortcutFuntion.h */,
				544B790E20FF23C200EEFE35 /* Main.storyboard */,
				544B791120FF23C300EEFE35 /* Assets.xcassets */,
				544B791320FF23C300EEFE35 /* LaunchScreen.storyboard */,
				544B791620FF23C300EEFE35 /* Info.plist */,
				544B791720FF23C300EEFE35 /* main.m */,
			);
			path = QRCodeDemo;
			sourceTree = "<group>";
		};
		544B791E20FF409300EEFE35 /* QRCode */ = {
			isa = PBXGroup;
			children = (
				544B791F20FF426600EEFE35 /* QRCodeImageGenerator.h */,
				544B792020FF426600EEFE35 /* QRCodeImageGenerator.m */,
				54ABF7362100406900D4EB0C /* QRCodeImageConvertToText.h */,
				54ABF7372100406900D4EB0C /* QRCodeImageConvertToText.m */,
			);
			path = QRCode;
			sourceTree = "<group>";
		};
/* End PBXGroup section */

/* Begin PBXNativeTarget section */
		544B790420FF23C200EEFE35 /* QRCodeDemo */ = {
			isa = PBXNativeTarget;
			buildConfigurationList = 544B791B20FF23C300EEFE35 /* Build configuration list for PBXNativeTarget "QRCodeDemo" */;
			buildPhases = (
				544B790120FF23C200EEFE35 /* Sources */,
				544B790220FF23C200EEFE35 /* Frameworks */,
				544B790320FF23C200EEFE35 /* Resources */,
			);
			buildRules = (
			);
			dependencies = (
			);
			name = QRCodeDemo;
			productName = QRCode;
			productReference = 544B790520FF23C200EEFE35 /* QRCodeDemo.app */;
			productType = "com.apple.product-type.application";
		};
/* End PBXNativeTarget section */

/* Begin PBXProject section */
		544B78FD20FF23C200EEFE35 /* Project object */ = {
			isa = PBXProject;
			attributes = {
				CLASSPREFIX = QRCode;
				LastUpgradeCheck = 0940;
				ORGANIZATIONNAME = xiezongyuan;
				TargetAttributes = {
					544B790420FF23C200EEFE35 = {
						CreatedOnToolsVersion = 9.4.1;
					};
				};
			};
			buildConfigurationList = 544B790020FF23C200EEFE35 /* Build configuration list for PBXProject "QRCodeDemo" */;
			compatibilityVersion = "Xcode 9.3";
			developmentRegion = en;
			hasScannedForEncodings = 0;
			knownRegions = (
				en,
				Base,
			);
			mainGroup = 544B78FC20FF23C200EEFE35;
			productRefGroup = 544B790620FF23C200EEFE35 /* Products */;
			projectDirPath = "";
			projectRoot = "";
			targets = (
				544B790420FF23C200EEFE35 /* QRCodeDemo */,
			);
		};
/* End PBXProject section */

/* Begin PBXResourcesBuildPhase section */
		544B790320FF23C200EEFE35 /* Resources */ = {
			isa = PBXResourcesBuildPhase;
			buildActionMask = 2147483647;
			files = (
				544B791520FF23C300EEFE35 /* LaunchScreen.storyboard in Resources */,
				544B791220FF23C300EEFE35 /* Assets.xcassets in Resources */,
				544B791020FF23C200EEFE35 /* Main.storyboard in Resources */,
			);
			runOnlyForDeploymentPostprocessing = 0;
		};
/* End PBXResourcesBuildPhase section */

/* Begin PBXSourcesBuildPhase section */
		544B790120FF23C200EEFE35 /* Sources */ = {
			isa = PBXSourcesBuildPhase;
			buildActionMask = 2147483647;
			files = (
				54ABF7382100406900D4EB0C /* QRCodeImageConvertToText.m in Sources */,
				544B790D20FF23C200EEFE35 /* ViewController.m in Sources */,
				544B792120FF426600EEFE35 /* QRCodeImageGenerator.m in Sources */,
				544B791820FF23C300EEFE35 /* main.m in Sources */,
				54ABF7312100273A00D4EB0C /* QRCodeGeneratorViewController.m in Sources */,
				54ABF73521003BF800D4EB0C /* QRCodoAlbumViewController.m in Sources */,
				544B790A20FF23C200EEFE35 /* AppDelegate.m in Sources */,
			);
			runOnlyForDeploymentPostprocessing = 0;
		};
/* End PBXSourcesBuildPhase section */

/* Begin PBXVariantGroup section */
		544B790E20FF23C200EEFE35 /* Main.storyboard */ = {
			isa = PBXVariantGroup;
			children = (
				544B790F20FF23C200EEFE35 /* Base */,
			);
			name = Main.storyboard;
			sourceTree = "<group>";
		};
		544B791320FF23C300EEFE35 /* LaunchScreen.storyboard */ = {
			isa = PBXVariantGroup;
			children = (
				544B791420FF23C300EEFE35 /* Base */,
			);
			name = LaunchScreen.storyboard;
			sourceTree = "<group>";
		};
/* End PBXVariantGroup section */

/* Begin XCBuildConfiguration section */
		544B791920FF23C300EEFE35 /* Debug */ = {
			isa = XCBuildConfiguration;
			buildSettings = {
				ALWAYS_SEARCH_USER_PATHS = NO;
				CLANG_ANALYZER_NONNULL = YES;
				CLANG_ANALYZER_NUMBER_OBJECT_CONVERSION = YES_AGGRESSIVE;
				CLANG_CXX_LANGUAGE_STANDARD = "gnu++14";
				CLANG_CXX_LIBRARY = "libc++";
				CLANG_ENABLE_MODULES = YES;
				CLANG_ENABLE_OBJC_ARC = YES;
				CLANG_ENABLE_OBJC_WEAK = YES;
				CLANG_WARN_BLOCK_CAPTURE_AUTORELEASING = YES;
				CLANG_WARN_BOOL_CONVERSION = YES;
				CLANG_WARN_COMMA = YES;
				CLANG_WARN_CONSTANT_CONVERSION = YES;
				CLANG_WARN_DEPRECATED_OBJC_IMPLEMENTATIONS = YES;
				CLANG_WARN_DIRECT_OBJC_ISA_USAGE = YES_ERROR;
				CLANG_WARN_DOCUMENTATION_COMMENTS = YES;
				CLANG_WARN_EMPTY_BODY = YES;
				CLANG_WARN_ENUM_CONVERSION = YES;
				CLANG_WARN_INFINITE_RECURSION = YES;
				CLANG_WARN_INT_CONVERSION = YES;
				CLANG_WARN_NON_LITERAL_NULL_CONVERSION = YES;
				CLANG_WARN_OBJC_IMPLICIT_RETAIN_SELF = YES;
				CLANG_WARN_OBJC_LITERAL_CONVERSION = YES;
				CLANG_WARN_OBJC_ROOT_CLASS = YES_ERROR;
				CLANG_WARN_RANGE_LOOP_ANALYSIS = YES;
				CLANG_WARN_STRICT_PROTOTYPES = YES;
				CLANG_WARN_SUSPICIOUS_MOVE = YES;
				CLANG_WARN_UNGUARDED_AVAILABILITY = YES_AGGRESSIVE;
				CLANG_WARN_UNREACHABLE_CODE = YES;
				CLANG_WARN__DUPLICATE_METHOD_MATCH = YES;
				CODE_SIGN_IDENTITY = "iPhone Developer";
				COPY_PHASE_STRIP = NO;
				DEBUG_INFORMATION_FORMAT = dwarf;
				ENABLE_STRICT_OBJC_MSGSEND = YES;
				ENABLE_TESTABILITY = YES;
				GCC_C_LANGUAGE_STANDARD = gnu11;
				GCC_DYNAMIC_NO_PIC = NO;
				GCC_NO_COMMON_BLOCKS = YES;
				GCC_OPTIMIZATION_LEVEL = 0;
				GCC_PREPROCESSOR_DEFINITIONS = (
					"DEBUG=1",
					"$(inherited)",
				);
				GCC_WARN_64_TO_32_BIT_CONVERSION = YES;
				GCC_WARN_ABOUT_RETURN_TYPE = YES_ERROR;
				GCC_WARN_UNDECLARED_SELECTOR = YES;
				GCC_WARN_UNINITIALIZED_AUTOS = YES_AGGRESSIVE;
				GCC_WARN_UNUSED_FUNCTION = YES;
				GCC_WARN_UNUSED_VARIABLE = YES;
				IPHONEOS_DEPLOYMENT_TARGET = 8.0;
				MTL_ENABLE_DEBUG_INFO = YES;
				ONLY_ACTIVE_ARCH = YES;
				SDKROOT = iphoneos;
			};
			name = Debug;
		};
		544B791A20FF23C300EEFE35 /* Release */ = {
			isa = XCBuildConfiguration;
			buildSettings = {
				ALWAYS_SEARCH_USER_PATHS = NO;
				CLANG_ANALYZER_NONNULL = YES;
				CLANG_ANALYZER_NUMBER_OBJECT_CONVERSION = YES_AGGRESSIVE;
				CLANG_CXX_LANGUAGE_STANDARD = "gnu++14";
				CLANG_CXX_LIBRARY = "libc++";
				CLANG_ENABLE_MODULES = YES;
				CLANG_ENABLE_OBJC_ARC = YES;
				CLANG_ENABLE_OBJC_WEAK = YES;
				CLANG_WARN_BLOCK_CAPTURE_AUTORELEASING = YES;
				CLANG_WARN_BOOL_CONVERSION = YES;
				CLANG_WARN_COMMA = YES;
				CLANG_WARN_CONSTANT_CONVERSION = YES;
				CLANG_WARN_DEPRECATED_OBJC_IMPLEMENTATIONS = YES;
				CLANG_WARN_DIRECT_OBJC_ISA_USAGE = YES_ERROR;
				CLANG_WARN_DOCUMENTATION_COMMENTS = YES;
				CLANG_WARN_EMPTY_BODY = YES;
				CLANG_WARN_ENUM_CONVERSION = YES;
				CLANG_WARN_INFINITE_RECURSION = YES;
				CLANG_WARN_INT_CONVERSION = YES;
				CLANG_WARN_NON_LITERAL_NULL_CONVERSION = YES;
				CLANG_WARN_OBJC_IMPLICIT_RETAIN_SELF = YES;
				CLANG_WARN_OBJC_LITERAL_CONVERSION = YES;
				CLANG_WARN_OBJC_ROOT_CLASS = YES_ERROR;
				CLANG_WARN_RANGE_LOOP_ANALYSIS = YES;
				CLANG_WARN_STRICT_PROTOTYPES = YES;
				CLANG_WARN_SUSPICIOUS_MOVE = YES;
				CLANG_WARN_UNGUARDED_AVAILABILITY = YES_AGGRESSIVE;
				CLANG_WARN_UNREACHABLE_CODE = YES;
				CLANG_WARN__DUPLICATE_METHOD_MATCH = YES;
				CODE_SIGN_IDENTITY = "iPhone Developer";
				COPY_PHASE_STRIP = NO;
				DEBUG_INFORMATION_FORMAT = "dwarf-with-dsym";
				ENABLE_NS_ASSERTIONS = NO;
				ENABLE_STRICT_OBJC_MSGSEND = YES;
				GCC_C_LANGUAGE_STANDARD = gnu11;
				GCC_NO_COMMON_BLOCKS = YES;
				GCC_WARN_64_TO_32_BIT_CONVERSION = YES;
				GCC_WARN_ABOUT_RETURN_TYPE = YES_ERROR;
				GCC_WARN_UNDECLARED_SELECTOR = YES;
				GCC_WARN_UNINITIALIZED_AUTOS = YES_AGGRESSIVE;
				GCC_WARN_UNUSED_FUNCTION = YES;
				GCC_WARN_UNUSED_VARIABLE = YES;
				IPHONEOS_DEPLOYMENT_TARGET = 8.0;
				MTL_ENABLE_DEBUG_INFO = NO;
				SDKROOT = iphoneos;
				VALIDATE_PRODUCT = YES;
			};
			name = Release;
		};
		544B791C20FF23C300EEFE35 /* Debug */ = {
			isa = XCBuildConfiguration;
			buildSettings = {
				ASSETCATALOG_COMPILER_APPICON_NAME = AppIcon;
				CODE_SIGN_STYLE = Automatic;
				DEVELOPMENT_TEAM = 9934CD68ND;
				INFOPLIST_FILE = "$(SRCROOT)/QRCodeDemo/Info.plist";
				LD_RUNPATH_SEARCH_PATHS = (
					"$(inherited)",
					"@executable_path/Frameworks",
				);
				PRODUCT_BUNDLE_IDENTIFIER = XZY.QRCode;
				PRODUCT_NAME = "$(TARGET_NAME)";
				TARGETED_DEVICE_FAMILY = "1,2";
			};
			name = Debug;
		};
		544B791D20FF23C300EEFE35 /* Release */ = {
			isa = XCBuildConfiguration;
			buildSettings = {
				ASSETCATALOG_COMPILER_APPICON_NAME = AppIcon;
				CODE_SIGN_STYLE = Automatic;
				DEVELOPMENT_TEAM = 9934CD68ND;
				INFOPLIST_FILE = "$(SRCROOT)/QRCodeDemo/Info.plist";
				LD_RUNPATH_SEARCH_PATHS = (
					"$(inherited)",
					"@executable_path/Frameworks",
				);
				PRODUCT_BUNDLE_IDENTIFIER = XZY.QRCode;
				PRODUCT_NAME = "$(TARGET_NAME)";
				TARGETED_DEVICE_FAMILY = "1,2";
			};
			name = Release;
		};
/* End XCBuildConfiguration section */

/* Begin XCConfigurationList section */
		544B790020FF23C200EEFE35 /* Build configuration list for PBXProject "QRCodeDemo" */ = {
			isa = XCConfigurationList;
			buildConfigurations = (
				544B791920FF23C300EEFE35 /* Debug */,
				544B791A20FF23C300EEFE35 /* Release */,
			);
			defaultConfigurationIsVisible = 0;
			defaultConfigurationName = Release;
		};
		544B791B20FF23C300EEFE35 /* Build configuration list for PBXNativeTarget "QRCodeDemo" */ = {
			isa = XCConfigurationList;
			buildConfigurations = (
				544B791C20FF23C300EEFE35 /* Debug */,
				544B791D20FF23C300EEFE35 /* Release */,
			);
			defaultConfigurationIsVisible = 0;
			defaultConfigurationName = Release;
		};
/* End XCConfigurationList section */
	};
	rootObject = 544B78FD20FF23C200EEFE35 /* Project object */;
}
